
Microsoft Visual Studio Solution File, Format Version 12.00
# Visual Studio Version 17
VisualStudioVersion = 17.5.33414.496
MinimumVisualStudioVersion = 10.0.40219.1
Project("{FAE04EC0-301F-11D3-BF4B-00C04F79EFBC}") = "BookStore", "BookStore.csproj", "{F8013767-4628-4509-83B4-EB67654D084E}"
EndProject
Global
	GlobalSection(SolutionConfigurationPlatforms) = preSolution
		Debug|Any CPU = Debug|Any CPU
		Release|Any CPU = Release|Any CPU
	EndGlobalSection
	GlobalSection(ProjectConfigurationPlatforms) = postSolution
		{F8013767-4628-4509-83B4-EB67654D084E}.Debug|Any CPU.ActiveCfg = Debug|Any CPU
		{F8013767-4628-4509-83B4-EB67654D084E}.Debug|Any CPU.Build.0 = Debug|Any CPU
		{F8013767-4628-4509-83B4-EB67654D084E}.Release|Any CPU.ActiveCfg = Release|Any CPU
		{F8013767-4628-4509-83B4-EB67654D084E}.Release|Any CPU.Build.0 = Release|Any CPU
	EndGlobalSection
	GlobalSection(SolutionProperties) = preSolution
		HideSolutionNode = FALSE
	EndGlobalSection
	GlobalSection(ExtensibilityGlobals) = postSolution
		SolutionGuid = {41EF2EA2-758D-465A-A3BC-8C0916AD4097}
	EndGlobalSection
EndGlobal
